
Microsoft Visual Studio Solution File, Format Version 12.00
# Visual Studio 15
VisualStudioVersion = 15.0.28307.438
MinimumVisualStudioVersion = 10.0.40219.1
Project("{FAE04EC0-301F-11D3-BF4B-00C04F79EFBC}") = "ECommece", "ECommece\ECommece.csproj", "{226B887E-34EB-48FD-834D-7201E0FCBB87}"
EndProject
Global
	GlobalSection(SolutionConfigurationPlatforms) = preSolution
		Debug|Any CPU = Debug|Any CPU
		Release|Any CPU = Release|Any CPU
	EndGlobalSection
	GlobalSection(ProjectConfigurationPlatforms) = postSolution
		{226B887E-34EB-48FD-834D-7201E0FCBB87}.Debug|Any CPU.ActiveCfg = Debug|Any CPU
		{226B887E-34EB-48FD-834D-7201E0FCBB87}.Debug|Any CPU.Build.0 = Debug|Any CPU
		{226B887E-34EB-48FD-834D-7201E0FCBB87}.Release|Any CPU.ActiveCfg = Release|Any CPU
		{226B887E-34EB-48FD-834D-7201E0FCBB87}.Release|Any CPU.Build.0 = Release|Any CPU
	EndGlobalSection
	GlobalSection(SolutionProperties) = preSolution
		HideSolutionNode = FALSE
	EndGlobalSection
	GlobalSection(ExtensibilityGlobals) = postSolution
		SolutionGuid = {F2ED36E2-A876-4383-95FC-1B7F644BEF53}
	EndGlobalSection
EndGlobal
